{
  "name": "tame",
  "lockfileVersion": 2,
  "requires": true,
  "packages": {
    "": {
      "dependencies": {
        "textile-js": "^2.1.1"
      }
    },
    "node_modules/textile-js": {
      "version": "2.1.1",
      "resolved": "https://registry.npmjs.org/textile-js/-/textile-js-2.1.1.tgz",
      "integrity": "sha512-6yP8bPtL364lb/Pu9IQh/pu9aFXQN2VSUQrzVtOrjQs0pSc+jX0iczNPcMn5+MNvmoP3piCPxFb0hPBS7DmfFg==",
      "bin": {
        "textile-js": "bin/textile"
      }
    }
  },
  "dependencies": {
    "textile-js": {
      "version": "2.1.1",
      "resolved": "https://registry.npmjs.org/textile-js/-/textile-js-2.1.1.tgz",
      "integrity": "sha512-6yP8bPtL364lb/Pu9IQh/pu9aFXQN2VSUQrzVtOrjQs0pSc+jX0iczNPcMn5+MNvmoP3piCPxFb0hPBS7DmfFg=="
    }
  }
}
